
Microsoft Visual Studio Solution File, Format Version 12.00
# Visual Studio Version 17
VisualStudioVersion = 17.14.36623.8 d17.14
MinimumVisualStudioVersion = 10.0.40219.1
Project("{FAE04EC0-301F-11D3-BF4B-00C04F79EFBC}") = "TaskApi", "TaskApi\TaskApi.csproj", "{106740AF-2C7E-4A99-A078-1C0D82E4732D}"
EndProject
Global
	GlobalSection(SolutionConfigurationPlatforms) = preSolution
		Debug|Any CPU = Debug|Any CPU
		Release|Any CPU = Release|Any CPU
	EndGlobalSection
	GlobalSection(ProjectConfigurationPlatforms) = postSolution
		{106740AF-2C7E-4A99-A078-1C0D82E4732D}.Debug|Any CPU.ActiveCfg = Debug|Any CPU
		{106740AF-2C7E-4A99-A078-1C0D82E4732D}.Debug|Any CPU.Build.0 = Debug|Any CPU
		{106740AF-2C7E-4A99-A078-1C0D82E4732D}.Release|Any CPU.ActiveCfg = Release|Any CPU
		{106740AF-2C7E-4A99-A078-1C0D82E4732D}.Release|Any CPU.Build.0 = Release|Any CPU
	EndGlobalSection
	GlobalSection(SolutionProperties) = preSolution
		HideSolutionNode = FALSE
	EndGlobalSection
	GlobalSection(ExtensibilityGlobals) = postSolution
		SolutionGuid = {CC98226A-DC78-4962-AEDE-CF9CE3A6B435}
	EndGlobalSection
EndGlobal
